
Microsoft Visual Studio Solution File, Format Version 12.00
# Visual Studio Version 17
VisualStudioVersion = 17.9.34701.34
MinimumVisualStudioVersion = 10.0.40219.1
Project("{9A19103F-16F7-4668-BE54-9A1E7A4F7556}") = "ProcessFiles", "ProcessFiles\ProcessFiles.csproj", "{6B805129-06EE-4567-AECB-F224390FF3F1}"
EndProject
Project("{FAE04EC0-301F-11D3-BF4B-00C04F79EFBC}") = "ProcessDPK", "ProcessDPK\ProcessDPK.csproj", "{03B427D2-C80F-4B40-B387-60147B19FF16}"
EndProject
Global
	GlobalSection(SolutionConfigurationPlatforms) = preSolution
		Debug|Any CPU = Debug|Any CPU
		Release|Any CPU = Release|Any CPU
	EndGlobalSection
	GlobalSection(ProjectConfigurationPlatforms) = postSolution
		{6B805129-06EE-4567-AECB-F224390FF3F1}.Debug|Any CPU.ActiveCfg = Debug|Any CPU
		{6B805129-06EE-4567-AECB-F224390FF3F1}.Debug|Any CPU.Build.0 = Debug|Any CPU
		{6B805129-06EE-4567-AECB-F224390FF3F1}.Release|Any CPU.ActiveCfg = Release|Any CPU
		{6B805129-06EE-4567-AECB-F224390FF3F1}.Release|Any CPU.Build.0 = Release|Any CPU
		{03B427D2-C80F-4B40-B387-60147B19FF16}.Debug|Any CPU.ActiveCfg = Debug|Any CPU
		{03B427D2-C80F-4B40-B387-60147B19FF16}.Debug|Any CPU.Build.0 = Debug|Any CPU
		{03B427D2-C80F-4B40-B387-60147B19FF16}.Release|Any CPU.ActiveCfg = Release|Any CPU
		{03B427D2-C80F-4B40-B387-60147B19FF16}.Release|Any CPU.Build.0 = Release|Any CPU
	EndGlobalSection
	GlobalSection(SolutionProperties) = preSolution
		HideSolutionNode = FALSE
	EndGlobalSection
	GlobalSection(ExtensibilityGlobals) = postSolution
		SolutionGuid = {2699E329-3C48-48F2-A509-10E589CE27C2}
	EndGlobalSection
EndGlobal
